{
  "name": "olo-toolgate-workspace",
  "version": "0.3.0-dev",
  "lockfileVersion": 3,
  "requires": true,
  "packages": {
    "": {
      "name": "olo-toolgate-workspace",
      "version": "0.3.0-dev",
      "workspaces": [
        "packages/contracts/typescript"
      ]
    },
    "node_modules/@olo-labs/toolgate-contracts": {
      "resolved": "packages/contracts/typescript",
      "link": true
    },
    "node_modules/typescript": {
      "version": "5.9.3",
      "resolved": "https://registry.npmjs.org/typescript/-/typescript-5.9.3.tgz",
      "integrity": "sha512-jl1vZzPDinLr9eUt3J/t7V6FgNEw9QjvBPdysz9KfQDD41fQrC2Y4vKQdiaUpFT4bXlb1RHhLpp8wtm6M5TgSw==",
      "dev": true,
      "license": "Apache-2.0",
      "bin": {
        "tsc": "bin/tsc",
        "tsserver": "bin/tsserver"
      },
      "engines": {
        "node": ">=14.17"
      }
    },
    "packages/contracts/typescript": {
      "name": "@olo-labs/toolgate-contracts",
      "version": "0.3.0-dev",
      "license": "Apache-2.0",
      "devDependencies": {
        "typescript": "5.9.3"
      }
    }
  }
}
